{
  "lockfileVersion": 2,
  "configVersion": 1,
  "workspaces": {
    "": {
      "name": "paseo-plugins-e2e",
      "dependencies": {
        "@getpaseo/client": "0.11.0-beta.5",
        "ws": "8.22.0",
      },
    },
  },
  "packages": {
    "@getpaseo/client": ["@getpaseo/client@0.11.0-beta.5", "", { "dependencies": { "@getpaseo/protocol": "0.11.0-beta.5", "@getpaseo/relay": "0.11.0-beta.5", "zod": "^4.4.3" } }, "sha512-2PE9GPK78EDP3B30scc4yLRO5FAmA77WnrGIZHUhO2oV9cdwablAem2AZCcFCkhiAqgNWs9b47w1veVBQ5nMoA=="],

    "@getpaseo/protocol": ["@getpaseo/protocol@0.11.0-beta.5", "", { "dependencies": { "semver": "^7.8.5", "zod": "^4.4.3" } }, "sha512-57/NPdKvlRl3eUecoE7W47SHzC1gRiPY03LaummNd8OtOTtwW8grexvGEhtdB2FrvQp75YhagrNh4WAjqZH4fg=="],

    "@getpaseo/relay": ["@getpaseo/relay@0.11.0-beta.5", "", { "dependencies": { "base64-js": "^1.5.1", "tweetnacl": "^1.0.3", "ws": "^8.14.2" } }, "sha512-4cnqaA5UgItpW2mZ5TxFCTpCs6Amhsc96pr10vTEuTYCpc8hMfMTFiARNuuxP98zmq96DxSxVmxfKRGWcOpgJg=="],

    "base64-js": ["base64-js@1.5.1", "", {}, "sha512-AKpaYlHn8t4SVbOHCy+b5+KKgvR4vrsD8vbvrbiQJps7fKDTkjkDry6ji0rUJjC0kzbNePLwzxq8iypo41qeWA=="],

    "semver": ["semver@7.8.5", "", { "bin": { "semver": "bin/semver.js" } }, "sha512-Y7/KDsb8LjooZpwaqGyulO6DQlksgCncchHGk+sZIY4SBvUocMBEFH5Ur1fI4dV+Jvl0w6cjvucaIi40puRioA=="],

    "tweetnacl": ["tweetnacl@1.0.3", "", {}, "sha512-6rt+RN7aOi1nGMyC4Xa5DdYiukl2UWCbcJft7YhxReBGQD7OAM8Pbxw6YMo4r2diNEA8FEmu32YOn9rhaiE5yw=="],

    "ws": ["ws@8.22.0", "", { "peerDependencies": { "bufferutil": "^4.0.1", "utf-8-validate": ">=5.0.2" }, "optionalPeers": ["bufferutil", "utf-8-validate"] }, "sha512-Ydggc987+RO0AnWtZ/7Wq9FtNvcrL1b/RO0ud9mWjUPgDrsAAwQSF51sm2hm1XofbU/4jkpGEsLFsZZxU+1DOg=="],

    "zod": ["zod@4.6.5", "", {}, "sha512-v5l/aFXZQeai4awLbOpSoHecE9UiMrnfx75tEXLjNonXVARxQ5mOeipTjROUchszUNCqnE+hqAMujRsRHsut2Q=="],
  }
}
